
Microsoft Visual Studio Solution File, Format Version 12.00
# Visual Studio Version 17
VisualStudioVersion = 17.0.31903.59
MinimumVisualStudioVersion = 10.0.40219.1
Project("{FAE04EC0-301F-11D3-BF4B-00C04F79EFBC}") = "SharedLibrary", "SharedLibrary\SharedLibrary.csproj", "{25268CFC-793E-4E34-B17F-5E666A36FAF7}"
EndProject
Project("{FAE04EC0-301F-11D3-BF4B-00C04F79EFBC}") = "SharedLibrary.Auth", "SharedLibrary.Auth\SharedLibrary.Auth.csproj", "{B1A2C3D4-E5F6-7890-ABCD-EF1234567890}"
EndProject
Project("{FAE04EC0-301F-11D3-BF4B-00C04F79EFBC}") = "SharedLibrary.Messaging", "SharedLibrary.Messaging\SharedLibrary.Messaging.csproj", "{C2B3D4E5-F6A7-8901-BCDE-F12345678901}"
EndProject
Project("{FAE04EC0-301F-11D3-BF4B-00C04F79EFBC}") = "SharedLibrary.Accounts", "SharedLibrary.Accounts\SharedLibrary.Accounts.csproj", "{A1B2C3D4-E5F6-7890-ABCD-EF1234567891}"
EndProject
Project("{FAE04EC0-301F-11D3-BF4B-00C04F79EFBC}") = "SharedLibrary.Contacts", "SharedLibrary.Contacts\SharedLibrary.Contacts.csproj", "{B2C3D4E5-F6A7-8901-BCDE-F12345678902}"
EndProject
Project("{2150E333-8FDC-42A3-9474-1A3956D46DE8}") = "AuthService", "AuthService", "{F39AD75E-B324-4C55-A220-1F7287FDEC13}"
EndProject
Project("{2150E333-8FDC-42A3-9474-1A3956D46DE8}") = "src", "src", "{019C0F28-1264-40DC-AF76-83CDC37FE0DD}"
EndProject
Project("{FAE04EC0-301F-11D3-BF4B-00C04F79EFBC}") = "AuthService", "AuthService\src\AuthService\AuthService.csproj", "{DBF41711-4077-4022-AAA8-C336B08DC953}"
EndProject
Project("{FAE04EC0-301F-11D3-BF4B-00C04F79EFBC}") = "AuthService.Tests", "AuthService\src\AuthService.Tests\AuthService.Tests.csproj", "{A32DBB4D-D8DD-4176-B6BC-1FA16022CAEA}"
EndProject
Project("{2150E333-8FDC-42A3-9474-1A3956D46DE8}") = "UserManagementService", "UserManagementService", "{8E5F6AF3-B014-4709-B35B-D7BA757CDF71}"
EndProject
Project("{2150E333-8FDC-42A3-9474-1A3956D46DE8}") = "src", "src", "{9A351E5A-7007-4785-A49D-0FBE0C92D771}"
EndProject
Project("{FAE04EC0-301F-11D3-BF4B-00C04F79EFBC}") = "UserManagementService", "UserManagementService\src\UserManagementService\UserManagementService.csproj", "{E44D373F-E0CC-4AE2-95C2-7D750D2CEFEB}"
EndProject
Project("{FAE04EC0-301F-11D3-BF4B-00C04F79EFBC}") = "UserManagementService.Tests", "UserManagementService\src\UserManagementService.Tests\UserManagementService.Tests.csproj", "{87DFF397-88D5-418A-A2F9-8613105A8B1B}"
EndProject
Project("{2150E333-8FDC-42A3-9474-1A3956D46DE8}") = "AccountService", "AccountService", "{C3D4E5F6-A7B8-9012-CDEF-123456789013}"
EndProject
Project("{2150E333-8FDC-42A3-9474-1A3956D46DE8}") = "src", "src", "{D4E5F6A7-B8C9-0123-DEF0-234567890124}"
EndProject
Project("{FAE04EC0-301F-11D3-BF4B-00C04F79EFBC}") = "AccountService", "AccountService\src\AccountService\AccountService.csproj", "{E5F6A7B8-C9D0-1234-EF01-345678901235}"
EndProject
Project("{FAE04EC0-301F-11D3-BF4B-00C04F79EFBC}") = "AccountService.Tests", "AccountService\src\AccountService.Tests\AccountService.Tests.csproj", "{F6A7B8C9-D0E1-2345-F012-456789012346}"
EndProject
Project("{2150E333-8FDC-42A3-9474-1A3956D46DE8}") = "ContactService", "ContactService", "{A7B8C9D0-E1F2-3456-0123-567890123457}"
EndProject
Project("{2150E333-8FDC-42A3-9474-1A3956D46DE8}") = "src", "src", "{B8C9D0E1-F2A3-4567-1234-678901234568}"
EndProject
Project("{FAE04EC0-301F-11D3-BF4B-00C04F79EFBC}") = "ContactService", "ContactService\src\ContactService\ContactService.csproj", "{C9D0E1F2-A3B4-5678-2345-789012345679}"
EndProject
Project("{FAE04EC0-301F-11D3-BF4B-00C04F79EFBC}") = "ContactService.Tests", "ContactService\src\ContactService.Tests\ContactService.Tests.csproj", "{D0E1F2A3-B4C5-6789-3456-890123456780}"
EndProject
Project("{2150E333-8FDC-42A3-9474-1A3956D46DE8}") = "ApiGateway", "ApiGateway", "{D3C4E5F6-A7B8-9012-CDEF-123456789012}"
EndProject
Project("{2150E333-8FDC-42A3-9474-1A3956D46DE8}") = "src", "src", "{E4D5F6A7-B8C9-0123-DEF0-234567890123}"
EndProject
Project("{FAE04EC0-301F-11D3-BF4B-00C04F79EFBC}") = "ApiGateway", "ApiGateway\src\ApiGateway\ApiGateway.csproj", "{F5E6A7B8-C9D0-1234-EF01-345678901234}"
EndProject
Global
	GlobalSection(SolutionConfigurationPlatforms) = preSolution
		Debug|Any CPU = Debug|Any CPU
		Release|Any CPU = Release|Any CPU
	EndGlobalSection
	GlobalSection(SolutionProperties) = preSolution
		HideSolutionNode = FALSE
	EndGlobalSection
	GlobalSection(ProjectConfigurationPlatforms) = postSolution
		{25268CFC-793E-4E34-B17F-5E666A36FAF7}.Debug|Any CPU.ActiveCfg = Debug|Any CPU
		{25268CFC-793E-4E34-B17F-5E666A36FAF7}.Debug|Any CPU.Build.0 = Debug|Any CPU
		{25268CFC-793E-4E34-B17F-5E666A36FAF7}.Release|Any CPU.ActiveCfg = Release|Any CPU
		{25268CFC-793E-4E34-B17F-5E666A36FAF7}.Release|Any CPU.Build.0 = Release|Any CPU
		{B1A2C3D4-E5F6-7890-ABCD-EF1234567890}.Debug|Any CPU.ActiveCfg = Debug|Any CPU
		{B1A2C3D4-E5F6-7890-ABCD-EF1234567890}.Debug|Any CPU.Build.0 = Debug|Any CPU
		{B1A2C3D4-E5F6-7890-ABCD-EF1234567890}.Release|Any CPU.ActiveCfg = Release|Any CPU
		{B1A2C3D4-E5F6-7890-ABCD-EF1234567890}.Release|Any CPU.Build.0 = Release|Any CPU
		{C2B3D4E5-F6A7-8901-BCDE-F12345678901}.Debug|Any CPU.ActiveCfg = Debug|Any CPU
		{C2B3D4E5-F6A7-8901-BCDE-F12345678901}.Debug|Any CPU.Build.0 = Debug|Any CPU
		{C2B3D4E5-F6A7-8901-BCDE-F12345678901}.Release|Any CPU.ActiveCfg = Release|Any CPU
		{C2B3D4E5-F6A7-8901-BCDE-F12345678901}.Release|Any CPU.Build.0 = Release|Any CPU
		{DBF41711-4077-4022-AAA8-C336B08DC953}.Debug|Any CPU.ActiveCfg = Debug|Any CPU
		{DBF41711-4077-4022-AAA8-C336B08DC953}.Debug|Any CPU.Build.0 = Debug|Any CPU
		{DBF41711-4077-4022-AAA8-C336B08DC953}.Release|Any CPU.ActiveCfg = Release|Any CPU
		{DBF41711-4077-4022-AAA8-C336B08DC953}.Release|Any CPU.Build.0 = Release|Any CPU
		{A32DBB4D-D8DD-4176-B6BC-1FA16022CAEA}.Debug|Any CPU.ActiveCfg = Debug|Any CPU
		{A32DBB4D-D8DD-4176-B6BC-1FA16022CAEA}.Debug|Any CPU.Build.0 = Debug|Any CPU
		{A32DBB4D-D8DD-4176-B6BC-1FA16022CAEA}.Release|Any CPU.ActiveCfg = Release|Any CPU
		{A32DBB4D-D8DD-4176-B6BC-1FA16022CAEA}.Release|Any CPU.Build.0 = Release|Any CPU
		{E44D373F-E0CC-4AE2-95C2-7D750D2CEFEB}.Debug|Any CPU.ActiveCfg = Debug|Any CPU
		{E44D373F-E0CC-4AE2-95C2-7D750D2CEFEB}.Debug|Any CPU.Build.0 = Debug|Any CPU
		{E44D373F-E0CC-4AE2-95C2-7D750D2CEFEB}.Release|Any CPU.ActiveCfg = Release|Any CPU
		{E44D373F-E0CC-4AE2-95C2-7D750D2CEFEB}.Release|Any CPU.Build.0 = Release|Any CPU
		{87DFF397-88D5-418A-A2F9-8613105A8B1B}.Debug|Any CPU.ActiveCfg = Debug|Any CPU
		{87DFF397-88D5-418A-A2F9-8613105A8B1B}.Debug|Any CPU.Build.0 = Debug|Any CPU
		{87DFF397-88D5-418A-A2F9-8613105A8B1B}.Release|Any CPU.ActiveCfg = Release|Any CPU
		{87DFF397-88D5-418A-A2F9-8613105A8B1B}.Release|Any CPU.Build.0 = Release|Any CPU
		{F5E6A7B8-C9D0-1234-EF01-345678901234}.Debug|Any CPU.ActiveCfg = Debug|Any CPU
		{F5E6A7B8-C9D0-1234-EF01-345678901234}.Debug|Any CPU.Build.0 = Debug|Any CPU
		{F5E6A7B8-C9D0-1234-EF01-345678901234}.Release|Any CPU.ActiveCfg = Release|Any CPU
		{F5E6A7B8-C9D0-1234-EF01-345678901234}.Release|Any CPU.Build.0 = Release|Any CPU
		{A1B2C3D4-E5F6-7890-ABCD-EF1234567891}.Debug|Any CPU.ActiveCfg = Debug|Any CPU
		{A1B2C3D4-E5F6-7890-ABCD-EF1234567891}.Debug|Any CPU.Build.0 = Debug|Any CPU
		{A1B2C3D4-E5F6-7890-ABCD-EF1234567891}.Release|Any CPU.ActiveCfg = Release|Any CPU
		{A1B2C3D4-E5F6-7890-ABCD-EF1234567891}.Release|Any CPU.Build.0 = Release|Any CPU
		{B2C3D4E5-F6A7-8901-BCDE-F12345678902}.Debug|Any CPU.ActiveCfg = Debug|Any CPU
		{B2C3D4E5-F6A7-8901-BCDE-F12345678902}.Debug|Any CPU.Build.0 = Debug|Any CPU
		{B2C3D4E5-F6A7-8901-BCDE-F12345678902}.Release|Any CPU.ActiveCfg = Release|Any CPU
		{B2C3D4E5-F6A7-8901-BCDE-F12345678902}.Release|Any CPU.Build.0 = Release|Any CPU
		{E5F6A7B8-C9D0-1234-EF01-345678901235}.Debug|Any CPU.ActiveCfg = Debug|Any CPU
		{E5F6A7B8-C9D0-1234-EF01-345678901235}.Debug|Any CPU.Build.0 = Debug|Any CPU
		{E5F6A7B8-C9D0-1234-EF01-345678901235}.Release|Any CPU.ActiveCfg = Release|Any CPU
		{E5F6A7B8-C9D0-1234-EF01-345678901235}.Release|Any CPU.Build.0 = Release|Any CPU
		{F6A7B8C9-D0E1-2345-F012-456789012346}.Debug|Any CPU.ActiveCfg = Debug|Any CPU
		{F6A7B8C9-D0E1-2345-F012-456789012346}.Debug|Any CPU.Build.0 = Debug|Any CPU
		{F6A7B8C9-D0E1-2345-F012-456789012346}.Release|Any CPU.ActiveCfg = Release|Any CPU
		{F6A7B8C9-D0E1-2345-F012-456789012346}.Release|Any CPU.Build.0 = Release|Any CPU
		{C9D0E1F2-A3B4-5678-2345-789012345679}.Debug|Any CPU.ActiveCfg = Debug|Any CPU
		{C9D0E1F2-A3B4-5678-2345-789012345679}.Debug|Any CPU.Build.0 = Debug|Any CPU
		{C9D0E1F2-A3B4-5678-2345-789012345679}.Release|Any CPU.ActiveCfg = Release|Any CPU
		{C9D0E1F2-A3B4-5678-2345-789012345679}.Release|Any CPU.Build.0 = Release|Any CPU
		{D0E1F2A3-B4C5-6789-3456-890123456780}.Debug|Any CPU.ActiveCfg = Debug|Any CPU
		{D0E1F2A3-B4C5-6789-3456-890123456780}.Debug|Any CPU.Build.0 = Debug|Any CPU
		{D0E1F2A3-B4C5-6789-3456-890123456780}.Release|Any CPU.ActiveCfg = Release|Any CPU
		{D0E1F2A3-B4C5-6789-3456-890123456780}.Release|Any CPU.Build.0 = Release|Any CPU
	EndGlobalSection
	GlobalSection(NestedProjects) = preSolution
		{019C0F28-1264-40DC-AF76-83CDC37FE0DD} = {F39AD75E-B324-4C55-A220-1F7287FDEC13}
		{DBF41711-4077-4022-AAA8-C336B08DC953} = {019C0F28-1264-40DC-AF76-83CDC37FE0DD}
		{A32DBB4D-D8DD-4176-B6BC-1FA16022CAEA} = {019C0F28-1264-40DC-AF76-83CDC37FE0DD}
		{9A351E5A-7007-4785-A49D-0FBE0C92D771} = {8E5F6AF3-B014-4709-B35B-D7BA757CDF71}
		{E44D373F-E0CC-4AE2-95C2-7D750D2CEFEB} = {9A351E5A-7007-4785-A49D-0FBE0C92D771}
		{87DFF397-88D5-418A-A2F9-8613105A8B1B} = {9A351E5A-7007-4785-A49D-0FBE0C92D771}
		{E4D5F6A7-B8C9-0123-DEF0-234567890123} = {D3C4E5F6-A7B8-9012-CDEF-123456789012}
		{F5E6A7B8-C9D0-1234-EF01-345678901234} = {E4D5F6A7-B8C9-0123-DEF0-234567890123}
		{D4E5F6A7-B8C9-0123-DEF0-234567890124} = {C3D4E5F6-A7B8-9012-CDEF-123456789013}
		{E5F6A7B8-C9D0-1234-EF01-345678901235} = {D4E5F6A7-B8C9-0123-DEF0-234567890124}
		{F6A7B8C9-D0E1-2345-F012-456789012346} = {D4E5F6A7-B8C9-0123-DEF0-234567890124}
		{B8C9D0E1-F2A3-4567-1234-678901234568} = {A7B8C9D0-E1F2-3456-0123-567890123457}
		{C9D0E1F2-A3B4-5678-2345-789012345679} = {B8C9D0E1-F2A3-4567-1234-678901234568}
		{D0E1F2A3-B4C5-6789-3456-890123456780} = {B8C9D0E1-F2A3-4567-1234-678901234568}
	EndGlobalSection
EndGlobal
